{
  "requires": true,
  "lockfileVersion": 1,
  "dependencies": {
    "react-native-stripe-api": {
      "version": "0.1.0",
      "resolved": "https://registry.npmjs.org/react-native-stripe-api/-/react-native-stripe-api-0.1.0.tgz",
      "integrity": "sha1-0csh+w3H7MZD9T0+iKGOmOnYH/0="
    }
  }
}
